format = 1

[python]
runtime = "3.10.12"
documentation_series = "3.10"
language_reference = "https://docs.python.org/3.10/reference/"
data_model = "https://docs.python.org/3.10/reference/datamodel.html"
built_in_functions = "https://docs.python.org/3.10/library/functions.html"
built_in_types = "https://docs.python.org/3.10/library/stdtypes.html"
standard_library = "https://docs.python.org/3.10/library/"
object_inventory = "https://docs.python.org/3.10/objects.inv"
peps = "https://peps.python.org/"
offline_reference = "Local Dash Python docset, used only as an optional discovery source"

[cpp]
language_standard = "C++20"
iso_standard = "ISO/IEC 14882:2020"
iso_metadata = "https://www.iso.org/standard/79358.html"
working_draft = "https://www.open-std.org/jtc1/sc22/wg21/docs/papers/2020/n4861.pdf"
wg21_papers = "https://www.open-std.org/jtc1/sc22/wg21/docs/papers/2020/"
core_guidelines = "https://isocpp.github.io/CppCoreGuidelines/CppCoreGuidelines"
compiler = "GCC 11.4.0"
compiler_manual = "https://gcc.gnu.org/onlinedocs/gcc-11.4.0/gcc/"
compiler_support = "https://gcc.gnu.org/projects/cxx-status.html#cxx20"
standard_library = "libstdc++ 11.4.0"
standard_library_manual = "https://gcc.gnu.org/onlinedocs/gcc-11.4.0/libstdc++/manual/"
build_system = "CMake 3.22.1"
build_system_manual = "https://cmake.org/cmake/help/v3.22/"
test_framework = "GoogleTest 1.16.0 from the OpenHarmony workspace"
test_framework_revision = "c15616e4b5b7d990ada6fb12b8b26f65cdb91580"
test_framework_path = "/home/openharmony/third_party/googletest"
test_framework_docs = "https://google.github.io/googletest/"

[nodejs]
runtime = "Node.js 24.18.0 (Krypton LTS)"
runtime_revision = "20da4aeadabc5b0a01e3fcf520f91df8285c68a2"
runtime_source = "https://github.com/nodejs/node/tree/v24.18.0"
release_index = "https://nodejs.org/dist/v24.18.0/"
release_checksums = "https://nodejs.org/dist/v24.18.0/SHASUMS256.txt"
linux_arm64_archive = "https://nodejs.org/dist/v24.18.0/node-v24.18.0-linux-arm64.tar.xz"
linux_arm64_sha256 = "58c9520501f6ae2b52d5b210444e24b9d0c029a58c5011b797bc1fe7105886f6"
linux_x64_archive = "https://nodejs.org/dist/v24.18.0/node-v24.18.0-linux-x64.tar.xz"
linux_x64_sha256 = "55aa7153f9d88f28d765fcdad5ae6945b5c0f98a36881703817e4c450fa76742"
npm = "11.16.0 bundled with Node.js 24.18.0"
v8 = "13.6.233.17-node.50"
libuv = "1.52.1"
openssl = "3.5.7"
icu = "78.3 with Unicode 17.0 and CLDR 48.0"
language_standard = "ECMAScript 2025, ECMA-262 16th edition"
language_specification = "https://tc39.es/ecma262/2025/"
language_specification_revision = "84b38ad852ff426795fa29cebc06949027336c64"
internationalization_standard = "ECMA-402 12th edition, June 2025"
internationalization_specification = "https://402.ecma-international.org/12.0/"
node_api = "https://nodejs.org/docs/latest-v24.x/api/"
node_api_index = "https://nodejs.org/docs/latest-v24.x/api/index.html"
commonjs_modules = "https://nodejs.org/docs/latest-v24.x/api/modules.html"
ecmascript_modules = "https://nodejs.org/docs/latest-v24.x/api/esm.html"
packages = "https://nodejs.org/docs/latest-v24.x/api/packages.html"
test_framework = "node:test built into Node.js 24.18.0"
test_framework_docs = "https://nodejs.org/docs/latest-v24.x/api/test.html"
test262 = "https://github.com/tc39/test262/"

[julia]
runtime = "Julia 1.12.6"
runtime_source = "https://github.com/JuliaLang/julia/tree/v1.12.6"
release = "https://julialang.org/downloads/manual-downloads/#current_stable_release"
linux_arm64_archive_root = "https://julialang-s3.julialang.org/bin/linux/aarch64/1.12/"
linux_arm64_archive_name = "julia-1.12.6-linux-aarch64.tar.gz"
linux_arm64_sha256 = "029b93b857bd0ffd627f9a8580d3bbaa63daf008d7b7aed02fbceb8fd57c4899"
linux_x64_archive_root = "https://julialang-s3.julialang.org/bin/linux/x64/1.12/"
linux_x64_archive_name = "julia-1.12.6-linux-x86_64.tar.gz"
linux_x64_sha256 = "bbabf3bef19421a9dbd24a767d807606ab85e444323b5a1c73ffe293fa3d079a"
manual = "https://docs.julialang.org/en/v1.12/"
types = "https://docs.julialang.org/en/v1.12/manual/types/"
functions = "https://docs.julialang.org/en/v1.12/manual/functions/"
methods = "https://docs.julialang.org/en/v1.12/manual/methods/"
conversion_and_promotion = "https://docs.julialang.org/en/v1.12/manual/conversion-and-promotion/"
scope = "https://docs.julialang.org/en/v1.12/manual/variables-and-scoping/"
missing_values = "https://docs.julialang.org/en/v1.12/manual/missing/"
modules = "https://docs.julialang.org/en/v1.12/manual/modules/"
metaprogramming = "https://docs.julialang.org/en/v1.12/manual/metaprogramming/"
world_age = "https://docs.julialang.org/en/v1.12/manual/worldage/"
asynchronous_programming = "https://docs.julialang.org/en/v1.12/manual/asynchronous-programming/"
multi_threading = "https://docs.julialang.org/en/v1.12/manual/multi-threading/"
calling_c = "https://docs.julialang.org/en/v1.12/manual/calling-c-and-fortran-code/"
standard_library = "https://docs.julialang.org/en/v1.12/stdlib/"
pkg = "https://pkgdocs.julialang.org/v1/"
test_framework = "Test standard library bundled with Julia 1.12.6"
test_framework_docs = "https://docs.julialang.org/en/v1.12/stdlib/Test/"

[r]
runtime = "R 4.6.1"
runtime_source = "https://svn.r-project.org/R/tags/R-4-6-1/"
source_archive = "https://cran.r-project.org/src/base/R-4/R-4.6.1.tar.xz"
source_sha256 = "e4149581e151f3f1bc5edd6475e24ca1e2f452c08b6a22c29b570ce8abfe5783"
manuals = "https://cran.r-project.org/doc/manuals/r-release/"
language_definition = "https://cran.r-project.org/doc/manuals/r-release/R-lang.html"
base_reference = "https://stat.ethz.ch/R-manual/R-release/library/base/html/00Index.html"
test_framework = "base stopifnot() and tools::assertError()"

[go]
runtime = "Go 1.26.5"
runtime_source = "https://go.googlesource.com/go/+/refs/tags/go1.26.5"
release_notes = "https://go.dev/doc/go1.26"
release_metadata = "https://go.dev/dl/?mode=json"
linux_arm64_archive = "https://go.dev/dl/go1.26.5.linux-arm64.tar.gz"
linux_arm64_sha256 = "fe4789e92b1f33358680864bbe8704289e7bb5fc207d80623c308935bd696d49"
linux_x64_archive = "https://go.dev/dl/go1.26.5.linux-amd64.tar.gz"
linux_x64_sha256 = "5c2c3b16caefa1d968a94c1daca04a7ca301a496d9b086e17ad77bb81393f053"
language_specification = "https://go.dev/ref/spec"
memory_model = "https://go.dev/ref/mem"
modules_reference = "https://go.dev/ref/mod"
go_command = "https://pkg.go.dev/cmd/go@go1.26.5"
standard_library = "https://pkg.go.dev/std@go1.26.5"
effective_go = "https://go.dev/doc/effective_go"
test_framework = "testing package bundled with Go 1.26.5"
test_framework_docs = "https://pkg.go.dev/testing@go1.26.5"

[rust]
runtime = "Rust 1.97.1 stable, edition 2024"
edition = "2024"
release_date = "2026-07-16"
runtime_source = "https://github.com/rust-lang/rust/tree/1.97.1"
channel_manifest = "https://static.rust-lang.org/dist/channel-rust-1.97.1.toml"
channel_manifest_sha256 = "03569b1886ceb5c05276b50c8431ab111de944cd6140fe1fa7d821dd8e0f29cf"
archive_root = "https://static.rust-lang.org/dist/2026-07-16/"
linux_arm64_archive_name = "rust-1.97.1-aarch64-unknown-linux-gnu.tar.xz"
linux_arm64_sha256 = "9a7a2c336b4787f1b72f6bab7c35d5b7af2fd03cbd39b4fc721466a70d402a7d"
linux_x64_archive_name = "rust-1.97.1-x86_64-unknown-linux-gnu.tar.xz"
linux_x64_sha256 = "88f28fa9af20594179f85d6df67078dfd6fa93e2f6da5e1e9b0ac4997988ca4f"
language_reference = "https://doc.rust-lang.org/1.97.1/reference/"
standard_library = "https://doc.rust-lang.org/1.97.1/std/"
cargo = "Cargo bundled with Rust 1.97.1"
cargo_reference = "https://doc.rust-lang.org/1.97.1/cargo/reference/"
rustdoc_book = "https://doc.rust-lang.org/1.97.1/rustdoc/"
test_framework = "libtest and cargo test bundled with Rust 1.97.1"
